{
    "_readme": [
        "This file locks the dependencies of your project to a known state",
        "Read more about it at http://getcomposer.org/doc/01-basic-usage.md#composer-lock-the-lock-file",
        "This file is @generated automatically"
    ],
    "hash": "fd0d5a65329aebd66d0786c6ff033eed",
    "packages": [
        {
            "name": "beberlei/assert",
            "version": "dev-master",
            "source": {
                "type": "git",
                "url": "https://github.com/beberlei/assert.git",
                "reference": "c2aa764604f608498a87e51193ffa9c49583d205"
            },
            "dist": {
                "type": "zip",
                "url": "https://api.github.com/repos/beberlei/assert/zipball/c2aa764604f608498a87e51193ffa9c49583d205",
                "reference": "c2aa764604f608498a87e51193ffa9c49583d205",
                "shasum": ""
            },
            "require": {
                "ext-mbstring": "*"
            },
            "type": "library",
            "extra": {
                "branch-alias": {
                    "dev-master": "2.0.x-dev"
                }
            },
            "autoload": {
                "psr-0": {
                    "Assert": "lib/"
                },
                "files": [
                    "lib/Assert/functions.php"
                ]
            },
            "notification-url": "https://packagist.org/downloads/",
            "license": [
                "BSD-2-Clause"
            ],
            "authors": [
                {
                    "name": "Benjamin Eberlei",
                    "email": "kontakt@beberlei.de"
                }
            ],
            "description": "Thin assertion library for input validation in business models.",
            "keywords": [
                "assert",
                "assertion",
                "validation"
            ],
            "time": "2014-08-26 12:14:55"
        },
        {
            "name": "hollodotme/utilities",
            "version": "dev-master",
            "source": {
                "type": "git",
                "url": "https://github.com/hollodotme/Utilities.git",
                "reference": "933dda440f06797e58454087330faa69966cc2f6"
            },
            "dist": {
                "type": "zip",
                "url": "https://api.github.com/repos/hollodotme/Utilities/zipball/933dda440f06797e58454087330faa69966cc2f6",
                "reference": "933dda440f06797e58454087330faa69966cc2f6",
                "shasum": ""
            },
            "type": "library",
            "autoload": {
                "psr-4": {
                    "hollodotme\\Utilities\\": "dist/"
                }
            },
            "notification-url": "https://packagist.org/downloads/",
            "license": [
                "proprietary"
            ],
            "authors": [
                {
                    "name": "Holger Woltersdorf",
                    "email": "hw@hollo.me",
                    "homepage": "http://github.com/hollodotme"
                }
            ],
            "description": "Simple utilities to include",
            "time": "2014-09-13 18:43:06"
        },
        {
            "name": "moontoast/math",
            "version": "1.1.0",
            "source": {
                "type": "git",
                "url": "https://github.com/moontoast/math.git",
                "reference": "fce28a9d1e73e73376cb44e5e581675d15fbe2f3"
            },
            "dist": {
                "type": "zip",
                "url": "https://api.github.com/repos/moontoast/math/zipball/fce28a9d1e73e73376cb44e5e581675d15fbe2f3",
                "reference": "fce28a9d1e73e73376cb44e5e581675d15fbe2f3",
                "shasum": ""
            },
            "require": {
                "ext-bcmath": "*",
                "php": ">=5.3.3"
            },
            "type": "library",
            "autoload": {
                "psr-0": {
                    "Moontoast\\Math": "src/"
                }
            },
            "notification-url": "https://packagist.org/downloads/",
            "license": [
                "Apache-2.0"
            ],
            "description": "A mathematics library, providing functionality for large numbers",
            "homepage": "https://github.com/moontoast/math",
            "keywords": [
                "bcmath",
                "math"
            ],
            "time": "2013-01-19 17:42:34"
        },
        {
            "name": "rhumsaa/uuid",
            "version": "2.7.3",
            "source": {
                "type": "git",
                "url": "https://github.com/ramsey/uuid.git",
                "reference": "b976326ca5977d7333f34e3c828ae7c22a49a65a"
            },
            "dist": {
                "type": "zip",
                "url": "https://api.github.com/repos/ramsey/uuid/zipball/b976326ca5977d7333f34e3c828ae7c22a49a65a",
                "reference": "b976326ca5977d7333f34e3c828ae7c22a49a65a",
                "shasum": ""
            },
            "require": {
                "php": ">=5.3.3"
            },
            "require-dev": {
                "doctrine/dbal": ">=2.3",
                "moontoast/math": "~1.1",
                "phpunit/phpunit": "~4.1",
                "satooshi/php-coveralls": "~0.6",
                "symfony/console": "~2.3"
            },
            "suggest": {
                "doctrine/dbal": "Allow the use of a UUID as doctrine field type.",
                "moontoast/math": "Support for converting UUID to 128-bit integer (in string form).",
                "symfony/console": "Support for use of the bin/uuid command line tool."
            },
            "bin": [
                "bin/uuid"
            ],
            "type": "library",
            "extra": {
                "branch-alias": {
                    "dev-master": "2.7.x-dev"
                }
            },
            "autoload": {
                "psr-4": {
                    "Rhumsaa\\Uuid\\": "src/"
                }
            },
            "notification-url": "https://packagist.org/downloads/",
            "license": [
                "MIT"
            ],
            "authors": [
                {
                    "name": "Marijn Huizendveld",
                    "email": "marijn.huizendveld@gmail.com"
                },
                {
                    "name": "Ben Ramsey",
                    "homepage": "http://benramsey.com"
                }
            ],
            "description": "A PHP 5.3+ library for generating RFC 4122 version 1, 3, 4, and 5 universally unique identifiers (UUID).",
            "homepage": "https://github.com/ramsey/uuid",
            "keywords": [
                "guid",
                "identifier",
                "uuid"
            ],
            "time": "2014-08-27 22:39:41"
        }
    ],
    "packages-dev": [
        {
            "name": "erusev/parsedown",
            "version": "1.0.1",
            "source": {
                "type": "git",
                "url": "https://github.com/erusev/parsedown.git",
                "reference": "d24439ada0704948deef0d3eda2ea20fd8db1747"
            },
            "dist": {
                "type": "zip",
                "url": "https://api.github.com/repos/erusev/parsedown/zipball/d24439ada0704948deef0d3eda2ea20fd8db1747",
                "reference": "d24439ada0704948deef0d3eda2ea20fd8db1747",
                "shasum": ""
            },
            "type": "library",
            "autoload": {
                "psr-0": {
                    "Parsedown": ""
                }
            },
            "notification-url": "https://packagist.org/downloads/",
            "license": [
                "MIT"
            ],
            "authors": [
                {
                    "name": "Emanuil Rusev",
                    "email": "hello@erusev.com",
                    "homepage": "http://erusev.com"
                }
            ],
            "description": "Parser for Markdown.",
            "homepage": "http://parsedown.org",
            "keywords": [
                "markdown",
                "parser"
            ],
            "time": "2014-05-21 20:20:46"
        },
        {
            "name": "erusev/parsedown-extra",
            "version": "0.1.0",
            "source": {
                "type": "git",
                "url": "https://github.com/erusev/parsedown-extra.git",
                "reference": "bcd3930f7f10915e40513e1951a253f061d75463"
            },
            "dist": {
                "type": "zip",
                "url": "https://api.github.com/repos/erusev/parsedown-extra/zipball/bcd3930f7f10915e40513e1951a253f061d75463",
                "reference": "bcd3930f7f10915e40513e1951a253f061d75463",
                "shasum": ""
            },
            "require": {
                "erusev/parsedown": "~1.0"
            },
            "type": "library",
            "autoload": {
                "psr-0": {
                    "ParsedownExtra": ""
                }
            },
            "notification-url": "https://packagist.org/downloads/",
            "license": [
                "MIT"
            ],
            "authors": [
                {
                    "name": "Emanuil Rusev",
                    "email": "hello@erusev.com",
                    "homepage": "http://erusev.com"
                }
            ],
            "description": "An extension of Parsedown that adds support for Markdown Extra.",
            "homepage": "https://github.com/erusev/parsedown-extra",
            "keywords": [
                "markdown",
                "markdown extra",
                "parsedown",
                "parser"
            ],
            "time": "2014-06-18 23:58:16"
        },
        {
            "name": "hollodotme/treemdown",
            "version": "v1.0.8",
            "source": {
                "type": "git",
                "url": "https://github.com/hollodotme/TreeMDown.git",
                "reference": "be5633533c57c38cd69b28e26a23dec5d0715522"
            },
            "dist": {
                "type": "zip",
                "url": "https://api.github.com/repos/hollodotme/TreeMDown/zipball/be5633533c57c38cd69b28e26a23dec5d0715522",
                "reference": "be5633533c57c38cd69b28e26a23dec5d0715522",
                "shasum": ""
            },
            "require": {
                "erusev/parsedown-extra": "~0.1.0",
                "php": ">=5.3"
            },
            "type": "library",
            "autoload": {
                "psr-4": {
                    "hollodotme\\TreeMDown\\": "dist/"
                }
            },
            "notification-url": "https://packagist.org/downloads/",
            "license": [
                "MIT"
            ],
            "authors": [
                {
                    "name": "Holger Woltersdorf",
                    "email": "hw@hollo.me",
                    "homepage": "http://github.com/hollodotme"
                }
            ],
            "description": "A PHP class for browsing markdown files with HTML rendering, syntax highlighting and search",
            "homepage": "http://hollo.me/treemdown",
            "keywords": [
                "grep",
                "html",
                "markdown",
                "markdown extra",
                "parser",
                "search",
                "tree"
            ],
            "time": "2014-08-29 23:19:05"
        }
    ],
    "aliases": [

    ],
    "minimum-stability": "stable",
    "stability-flags": {
        "beberlei/assert": 20,
        "hollodotme/utilities": 20
    },
    "prefer-stable": false,
    "platform": [

    ],
    "platform-dev": [

    ]
}
