{
    "_readme": [
        "This file locks the dependencies of your project to a known state",
        "Read more about it at https://getcomposer.org/doc/01-basic-usage.md#composer-lock-the-lock-file",
        "This file is @generated automatically"
    ],
    "hash": "ae8d01ba5bb2800c081151af3550e3cf",
    "packages": [
        {
            "name": "hollodotme/utilities",
            "version": "dev-master",
            "source": {
                "type": "git",
                "url": "https://github.com/hollodotme/Utilities.git",
                "reference": "fc55946a93c56287b883ba1daca74edcf4c2a772"
            },
            "dist": {
                "type": "zip",
                "url": "https://api.github.com/repos/hollodotme/Utilities/zipball/fc55946a93c56287b883ba1daca74edcf4c2a772",
                "reference": "fc55946a93c56287b883ba1daca74edcf4c2a772",
                "shasum": ""
            },
            "require-dev": {
                "hollodotme/treemdown": "~1.0"
            },
            "type": "library",
            "autoload": {
                "psr-4": {
                    "hollodotme\\Utilities\\": "dist/"
                }
            },
            "notification-url": "https://packagist.org/downloads/",
            "license": [
                "proprietary"
            ],
            "authors": [
                {
                    "name": "Holger Woltersdorf",
                    "email": "hw@hollo.me",
                    "homepage": "http://github.com/hollodotme"
                }
            ],
            "description": "Simple utilities to include",
            "time": "2015-02-19 21:08:53"
        },
        {
            "name": "moontoast/math",
            "version": "1.1.0",
            "source": {
                "type": "git",
                "url": "https://github.com/ramsey/moontoast-math.git",
                "reference": "fce28a9d1e73e73376cb44e5e581675d15fbe2f3"
            },
            "dist": {
                "type": "zip",
                "url": "https://api.github.com/repos/ramsey/moontoast-math/zipball/fce28a9d1e73e73376cb44e5e581675d15fbe2f3",
                "reference": "fce28a9d1e73e73376cb44e5e581675d15fbe2f3",
                "shasum": ""
            },
            "require": {
                "ext-bcmath": "*",
                "php": ">=5.3.3"
            },
            "type": "library",
            "autoload": {
                "psr-0": {
                    "Moontoast\\Math": "src/"
                }
            },
            "notification-url": "https://packagist.org/downloads/",
            "license": [
                "Apache-2.0"
            ],
            "description": "A mathematics library, providing functionality for large numbers",
            "homepage": "https://github.com/moontoast/math",
            "keywords": [
                "bcmath",
                "math"
            ],
            "time": "2013-01-19 17:42:34"
        },
        {
            "name": "ramsey/uuid",
            "version": "2.8.0",
            "source": {
                "type": "git",
                "url": "https://github.com/ramsey/uuid.git",
                "reference": "cca98c652cac412c9c2f109c69e5532f313435fc"
            },
            "dist": {
                "type": "zip",
                "url": "https://api.github.com/repos/ramsey/uuid/zipball/cca98c652cac412c9c2f109c69e5532f313435fc",
                "reference": "cca98c652cac412c9c2f109c69e5532f313435fc",
                "shasum": ""
            },
            "require": {
                "php": ">=5.3.3"
            },
            "require-dev": {
                "doctrine/dbal": ">=2.3",
                "moontoast/math": "~1.1",
                "phpunit/phpunit": "~4.1",
                "satooshi/php-coveralls": "~0.6",
                "symfony/console": "~2.3"
            },
            "suggest": {
                "doctrine/dbal": "Allow the use of a UUID as doctrine field type.",
                "moontoast/math": "Support for converting UUID to 128-bit integer (in string form).",
                "symfony/console": "Support for use of the bin/uuid command line tool."
            },
            "bin": [
                "bin/uuid"
            ],
            "type": "library",
            "extra": {
                "branch-alias": {
                    "dev-master": "2.8.x-dev"
                }
            },
            "autoload": {
                "psr-4": {
                    "Rhumsaa\\Uuid\\": "src/"
                }
            },
            "notification-url": "https://packagist.org/downloads/",
            "license": [
                "MIT"
            ],
            "authors": [
                {
                    "name": "Marijn Huizendveld",
                    "email": "marijn.huizendveld@gmail.com"
                },
                {
                    "name": "Ben Ramsey",
                    "homepage": "http://benramsey.com"
                }
            ],
            "description": "A PHP 5.3+ library for generating RFC 4122 version 1, 3, 4, and 5 universally unique identifiers (UUID).",
            "homepage": "https://github.com/ramsey/uuid",
            "keywords": [
                "guid",
                "identifier",
                "uuid"
            ],
            "time": "2014-11-09 18:42:56"
        }
    ],
    "packages-dev": [
        {
            "name": "erusev/parsedown",
            "version": "1.5.3",
            "source": {
                "type": "git",
                "url": "https://github.com/erusev/parsedown.git",
                "reference": "b9e5228e92e5f5c17d7774cfb2de8e5e8362de1a"
            },
            "dist": {
                "type": "zip",
                "url": "https://api.github.com/repos/erusev/parsedown/zipball/b9e5228e92e5f5c17d7774cfb2de8e5e8362de1a",
                "reference": "b9e5228e92e5f5c17d7774cfb2de8e5e8362de1a",
                "shasum": ""
            },
            "type": "library",
            "autoload": {
                "psr-0": {
                    "Parsedown": ""
                }
            },
            "notification-url": "https://packagist.org/downloads/",
            "license": [
                "MIT"
            ],
            "authors": [
                {
                    "name": "Emanuil Rusev",
                    "email": "hello@erusev.com",
                    "homepage": "http://erusev.com"
                }
            ],
            "description": "Parser for Markdown.",
            "homepage": "http://parsedown.org",
            "keywords": [
                "markdown",
                "parser"
            ],
            "time": "2015-04-29 20:22:24"
        },
        {
            "name": "erusev/parsedown-extra",
            "version": "0.7.0",
            "source": {
                "type": "git",
                "url": "https://github.com/erusev/parsedown-extra.git",
                "reference": "11a44e076d02ffcc4021713398a60cd73f78b6f5"
            },
            "dist": {
                "type": "zip",
                "url": "https://api.github.com/repos/erusev/parsedown-extra/zipball/11a44e076d02ffcc4021713398a60cd73f78b6f5",
                "reference": "11a44e076d02ffcc4021713398a60cd73f78b6f5",
                "shasum": ""
            },
            "require": {
                "erusev/parsedown": "~1.4"
            },
            "type": "library",
            "autoload": {
                "psr-0": {
                    "ParsedownExtra": ""
                }
            },
            "notification-url": "https://packagist.org/downloads/",
            "license": [
                "MIT"
            ],
            "authors": [
                {
                    "name": "Emanuil Rusev",
                    "email": "hello@erusev.com",
                    "homepage": "http://erusev.com"
                }
            ],
            "description": "An extension of Parsedown that adds support for Markdown Extra.",
            "homepage": "https://github.com/erusev/parsedown-extra",
            "keywords": [
                "markdown",
                "markdown extra",
                "parsedown",
                "parser"
            ],
            "time": "2015-01-25 14:52:34"
        },
        {
            "name": "hollodotme/treemdown",
            "version": "v1.1.3",
            "source": {
                "type": "git",
                "url": "https://github.com/hollodotme/TreeMDown.git",
                "reference": "c187f4d1afb5f4d438417e1d372a7320da1d32ad"
            },
            "dist": {
                "type": "zip",
                "url": "https://api.github.com/repos/hollodotme/TreeMDown/zipball/c187f4d1afb5f4d438417e1d372a7320da1d32ad",
                "reference": "c187f4d1afb5f4d438417e1d372a7320da1d32ad",
                "shasum": ""
            },
            "require": {
                "erusev/parsedown-extra": "~0.1",
                "php": ">=5.3"
            },
            "type": "library",
            "autoload": {
                "psr-4": {
                    "hollodotme\\TreeMDown\\": "dist/"
                }
            },
            "notification-url": "https://packagist.org/downloads/",
            "license": [
                "MIT"
            ],
            "authors": [
                {
                    "name": "Holger Woltersdorf",
                    "email": "hw@hollo.me",
                    "homepage": "http://github.com/hollodotme"
                }
            ],
            "description": "A PHP class for browsing markdown files with HTML rendering, syntax highlighting and search",
            "homepage": "http://hollo.me/treemdown",
            "keywords": [
                "grep",
                "html",
                "markdown",
                "markdown extra",
                "parser",
                "search",
                "tree"
            ],
            "time": "2015-01-12 15:51:33"
        }
    ],
    "aliases": [],
    "minimum-stability": "stable",
    "stability-flags": {
        "hollodotme/utilities": 20
    },
    "prefer-stable": false,
    "prefer-lowest": false,
    "platform": [],
    "platform-dev": []
}
