{
    "_readme": [
        "This file locks the dependencies of your project to a known state",
        "Read more about it at http://getcomposer.org/doc/01-basic-usage.md#composer-lock-the-lock-file",
        "This file is @generated automatically"
    ],
    "hash": "93cf1af8e65e60e14bef6c07ed7dd4df",
    "packages": [
        {
            "name": "hollodotme/utilities",
            "version": "dev-master",
            "source": {
                "type": "git",
                "url": "https://github.com/hollodotme/Utilities.git",
                "reference": "aca6f9eae0ba8140d6976cb1fd6f86f6d8dd96fb"
            },
            "dist": {
                "type": "zip",
                "url": "https://api.github.com/repos/hollodotme/Utilities/zipball/aca6f9eae0ba8140d6976cb1fd6f86f6d8dd96fb",
                "reference": "aca6f9eae0ba8140d6976cb1fd6f86f6d8dd96fb",
                "shasum": ""
            },
            "require-dev": {
                "hollodotme/treemdown": "~1.0"
            },
            "type": "library",
            "autoload": {
                "psr-4": {
                    "hollodotme\\Utilities\\": "dist/"
                }
            },
            "notification-url": "https://packagist.org/downloads/",
            "license": [
                "proprietary"
            ],
            "authors": [
                {
                    "name": "Holger Woltersdorf",
                    "email": "hw@hollo.me",
                    "homepage": "http://github.com/hollodotme"
                }
            ],
            "description": "Simple utilities to include",
            "time": "2015-01-03 19:44:42"
        },
        {
            "name": "moontoast/math",
            "version": "1.1.0",
            "source": {
                "type": "git",
                "url": "https://github.com/moontoast/math.git",
                "reference": "fce28a9d1e73e73376cb44e5e581675d15fbe2f3"
            },
            "dist": {
                "type": "zip",
                "url": "https://api.github.com/repos/moontoast/math/zipball/fce28a9d1e73e73376cb44e5e581675d15fbe2f3",
                "reference": "fce28a9d1e73e73376cb44e5e581675d15fbe2f3",
                "shasum": ""
            },
            "require": {
                "ext-bcmath": "*",
                "php": ">=5.3.3"
            },
            "type": "library",
            "autoload": {
                "psr-0": {
                    "Moontoast\\Math": "src/"
                }
            },
            "notification-url": "https://packagist.org/downloads/",
            "license": [
                "Apache-2.0"
            ],
            "description": "A mathematics library, providing functionality for large numbers",
            "homepage": "https://github.com/moontoast/math",
            "keywords": [
                "bcmath",
                "math"
            ],
            "time": "2013-01-19 17:42:34"
        },
        {
            "name": "rhumsaa/uuid",
            "version": "2.8.0",
            "source": {
                "type": "git",
                "url": "https://github.com/ramsey/uuid.git",
                "reference": "cca98c652cac412c9c2f109c69e5532f313435fc"
            },
            "dist": {
                "type": "zip",
                "url": "https://api.github.com/repos/ramsey/uuid/zipball/cca98c652cac412c9c2f109c69e5532f313435fc",
                "reference": "cca98c652cac412c9c2f109c69e5532f313435fc",
                "shasum": ""
            },
            "require": {
                "php": ">=5.3.3"
            },
            "require-dev": {
                "doctrine/dbal": ">=2.3",
                "moontoast/math": "~1.1",
                "phpunit/phpunit": "~4.1",
                "satooshi/php-coveralls": "~0.6",
                "symfony/console": "~2.3"
            },
            "suggest": {
                "doctrine/dbal": "Allow the use of a UUID as doctrine field type.",
                "moontoast/math": "Support for converting UUID to 128-bit integer (in string form).",
                "symfony/console": "Support for use of the bin/uuid command line tool."
            },
            "bin": [
                "bin/uuid"
            ],
            "type": "library",
            "extra": {
                "branch-alias": {
                    "dev-master": "2.8.x-dev"
                }
            },
            "autoload": {
                "psr-4": {
                    "Rhumsaa\\Uuid\\": "src/"
                }
            },
            "notification-url": "https://packagist.org/downloads/",
            "license": [
                "MIT"
            ],
            "authors": [
                {
                    "name": "Marijn Huizendveld",
                    "email": "marijn.huizendveld@gmail.com"
                },
                {
                    "name": "Ben Ramsey",
                    "homepage": "http://benramsey.com"
                }
            ],
            "description": "A PHP 5.3+ library for generating RFC 4122 version 1, 3, 4, and 5 universally unique identifiers (UUID).",
            "homepage": "https://github.com/ramsey/uuid",
            "keywords": [
                "guid",
                "identifier",
                "uuid"
            ],
            "time": "2014-11-09 18:42:56"
        }
    ],
    "packages-dev": [
        {
            "name": "erusev/parsedown",
            "version": "1.1.4",
            "source": {
                "type": "git",
                "url": "https://github.com/erusev/parsedown.git",
                "reference": "495e7ac73bb5fde6b857b88ff2bb1b5e79a4263a"
            },
            "dist": {
                "type": "zip",
                "url": "https://api.github.com/repos/erusev/parsedown/zipball/495e7ac73bb5fde6b857b88ff2bb1b5e79a4263a",
                "reference": "495e7ac73bb5fde6b857b88ff2bb1b5e79a4263a",
                "shasum": ""
            },
            "type": "library",
            "autoload": {
                "psr-0": {
                    "Parsedown": ""
                }
            },
            "notification-url": "https://packagist.org/downloads/",
            "license": [
                "MIT"
            ],
            "authors": [
                {
                    "name": "Emanuil Rusev",
                    "email": "hello@erusev.com",
                    "homepage": "http://erusev.com"
                }
            ],
            "description": "Parser for Markdown.",
            "homepage": "http://parsedown.org",
            "keywords": [
                "markdown",
                "parser"
            ],
            "time": "2014-11-29 02:29:14"
        },
        {
            "name": "erusev/parsedown-extra",
            "version": "0.1.0",
            "source": {
                "type": "git",
                "url": "https://github.com/erusev/parsedown-extra.git",
                "reference": "bcd3930f7f10915e40513e1951a253f061d75463"
            },
            "dist": {
                "type": "zip",
                "url": "https://api.github.com/repos/erusev/parsedown-extra/zipball/bcd3930f7f10915e40513e1951a253f061d75463",
                "reference": "bcd3930f7f10915e40513e1951a253f061d75463",
                "shasum": ""
            },
            "require": {
                "erusev/parsedown": "~1.0"
            },
            "type": "library",
            "autoload": {
                "psr-0": {
                    "ParsedownExtra": ""
                }
            },
            "notification-url": "https://packagist.org/downloads/",
            "license": [
                "MIT"
            ],
            "authors": [
                {
                    "name": "Emanuil Rusev",
                    "email": "hello@erusev.com",
                    "homepage": "http://erusev.com"
                }
            ],
            "description": "An extension of Parsedown that adds support for Markdown Extra.",
            "homepage": "https://github.com/erusev/parsedown-extra",
            "keywords": [
                "markdown",
                "markdown extra",
                "parsedown",
                "parser"
            ],
            "time": "2014-06-18 23:58:16"
        },
        {
            "name": "hollodotme/treemdown",
            "version": "v1.1.2",
            "source": {
                "type": "git",
                "url": "https://github.com/hollodotme/TreeMDown.git",
                "reference": "476cc459584cdc00675a0e66c0600403c553dc8c"
            },
            "dist": {
                "type": "zip",
                "url": "https://api.github.com/repos/hollodotme/TreeMDown/zipball/476cc459584cdc00675a0e66c0600403c553dc8c",
                "reference": "476cc459584cdc00675a0e66c0600403c553dc8c",
                "shasum": ""
            },
            "require": {
                "erusev/parsedown-extra": "~0.1.0",
                "php": ">=5.3"
            },
            "type": "library",
            "autoload": {
                "psr-4": {
                    "hollodotme\\TreeMDown\\": "dist/"
                }
            },
            "notification-url": "https://packagist.org/downloads/",
            "license": [
                "MIT"
            ],
            "authors": [
                {
                    "name": "Holger Woltersdorf",
                    "email": "hw@hollo.me",
                    "homepage": "http://github.com/hollodotme"
                }
            ],
            "description": "A PHP class for browsing markdown files with HTML rendering, syntax highlighting and search",
            "homepage": "http://hollo.me/treemdown",
            "keywords": [
                "grep",
                "html",
                "markdown",
                "markdown extra",
                "parser",
                "search",
                "tree"
            ],
            "time": "2014-11-01 19:57:13"
        }
    ],
    "aliases": [],
    "minimum-stability": "stable",
    "stability-flags": {
        "hollodotme/utilities": 20
    },
    "prefer-stable": false,
    "prefer-lowest": false,
    "platform": [],
    "platform-dev": []
}
